
Microsoft Visual Studio Solution File, Format Version 12.00
# Visual Studio Version 17
VisualStudioVersion = 17.0.31903.59
MinimumVisualStudioVersion = 10.0.40219.1
Project("{2150E333-8FDC-42A3-9474-1A3956D46DE8}") = "Services", "Services", "{981A02A7-C6E2-4E15-9BB8-ECAC46477987}"
EndProject
Project("{2150E333-8FDC-42A3-9474-1A3956D46DE8}") = "WebApps", "WebApps", "{6E6D5623-8C45-4BD3-A4EE-4FD47E368A9D}"
EndProject
Project("{2150E333-8FDC-42A3-9474-1A3956D46DE8}") = "Cadastro", "Cadastro", "{96AA0F66-B711-42B4-9B41-9FC3C16F1603}"
EndProject
Project("{2150E333-8FDC-42A3-9474-1A3956D46DE8}") = "Catalogo", "Catalogo", "{E15A9F80-239E-4E16-885A-F293C60A4703}"
EndProject
Project("{2150E333-8FDC-42A3-9474-1A3956D46DE8}") = "Core", "Core", "{7415BA27-9A4E-46D7-A8F1-994462FEC323}"
EndProject
Project("{2150E333-8FDC-42A3-9474-1A3956D46DE8}") = "Fiscal", "Fiscal", "{6525EF0B-F26E-4106-9E46-E77CA9A508F0}"
EndProject
Project("{2150E333-8FDC-42A3-9474-1A3956D46DE8}") = "Pagamentos", "Pagamentos", "{BFAA435F-D8D8-4AAC-9815-55FEBCB99775}"
EndProject
Project("{2150E333-8FDC-42A3-9474-1A3956D46DE8}") = "Vendas", "Vendas", "{A8C45E39-0AA9-4483-A1A4-8DED7954334F}"
EndProject
Project("{FAE04EC0-301F-11D3-BF4B-00C04F79EFBC}") = "NerdStore.Catalogo.Domain", "src\NerdStore.Catalogo.Domain\NerdStore.Catalogo.Domain.csproj", "{CE29CA98-93A9-4170-9169-4EE8409EA9D7}"
EndProject
Project("{FAE04EC0-301F-11D3-BF4B-00C04F79EFBC}") = "NerdStore.Core", "src\NerdStore.Core\NerdStore.Core.csproj", "{BD057317-82CB-40D6-8DE1-45CDD9FE3D26}"
EndProject
Global
	GlobalSection(SolutionConfigurationPlatforms) = preSolution
		Debug|Any CPU = Debug|Any CPU
		Release|Any CPU = Release|Any CPU
	EndGlobalSection
	GlobalSection(ProjectConfigurationPlatforms) = postSolution
		{CE29CA98-93A9-4170-9169-4EE8409EA9D7}.Debug|Any CPU.ActiveCfg = Debug|Any CPU
		{CE29CA98-93A9-4170-9169-4EE8409EA9D7}.Debug|Any CPU.Build.0 = Debug|Any CPU
		{CE29CA98-93A9-4170-9169-4EE8409EA9D7}.Release|Any CPU.ActiveCfg = Release|Any CPU
		{CE29CA98-93A9-4170-9169-4EE8409EA9D7}.Release|Any CPU.Build.0 = Release|Any CPU
		{BD057317-82CB-40D6-8DE1-45CDD9FE3D26}.Debug|Any CPU.ActiveCfg = Debug|Any CPU
		{BD057317-82CB-40D6-8DE1-45CDD9FE3D26}.Debug|Any CPU.Build.0 = Debug|Any CPU
		{BD057317-82CB-40D6-8DE1-45CDD9FE3D26}.Release|Any CPU.ActiveCfg = Release|Any CPU
		{BD057317-82CB-40D6-8DE1-45CDD9FE3D26}.Release|Any CPU.Build.0 = Release|Any CPU
	EndGlobalSection
	GlobalSection(SolutionProperties) = preSolution
		HideSolutionNode = FALSE
	EndGlobalSection
	GlobalSection(NestedProjects) = preSolution
		{96AA0F66-B711-42B4-9B41-9FC3C16F1603} = {981A02A7-C6E2-4E15-9BB8-ECAC46477987}
		{E15A9F80-239E-4E16-885A-F293C60A4703} = {981A02A7-C6E2-4E15-9BB8-ECAC46477987}
		{7415BA27-9A4E-46D7-A8F1-994462FEC323} = {981A02A7-C6E2-4E15-9BB8-ECAC46477987}
		{6525EF0B-F26E-4106-9E46-E77CA9A508F0} = {981A02A7-C6E2-4E15-9BB8-ECAC46477987}
		{BFAA435F-D8D8-4AAC-9815-55FEBCB99775} = {981A02A7-C6E2-4E15-9BB8-ECAC46477987}
		{A8C45E39-0AA9-4483-A1A4-8DED7954334F} = {981A02A7-C6E2-4E15-9BB8-ECAC46477987}
		{CE29CA98-93A9-4170-9169-4EE8409EA9D7} = {E15A9F80-239E-4E16-885A-F293C60A4703}
		{BD057317-82CB-40D6-8DE1-45CDD9FE3D26} = {7415BA27-9A4E-46D7-A8F1-994462FEC323}
	EndGlobalSection
	GlobalSection(ExtensibilityGlobals) = postSolution
		SolutionGuid = {DA5DA251-764D-4C57-89AB-F7780D1D23E8}
	EndGlobalSection
EndGlobal
